
Microsoft Visual Studio Solution File, Format Version 12.00
# Visual Studio Version 17
VisualStudioVersion = 17.1.32210.238
MinimumVisualStudioVersion = 10.0.40219.1
Project("{FAE04EC0-301F-11D3-BF4B-00C04F79EFBC}") = "ProtocolGenerator", "ProtocolGenerator\ProtocolGenerator.csproj", "{8B2F9A8C-3045-4CB3-8625-B1F427870BEC}"
EndProject
Global
	GlobalSection(SolutionConfigurationPlatforms) = preSolution
		Debug|Any CPU = Debug|Any CPU
		Release|Any CPU = Release|Any CPU
	EndGlobalSection
	GlobalSection(ProjectConfigurationPlatforms) = postSolution
		{8B2F9A8C-3045-4CB3-8625-B1F427870BEC}.Debug|Any CPU.ActiveCfg = Debug|Any CPU
		{8B2F9A8C-3045-4CB3-8625-B1F427870BEC}.Debug|Any CPU.Build.0 = Debug|Any CPU
		{8B2F9A8C-3045-4CB3-8625-B1F427870BEC}.Release|Any CPU.ActiveCfg = Release|Any CPU
		{8B2F9A8C-3045-4CB3-8625-B1F427870BEC}.Release|Any CPU.Build.0 = Release|Any CPU
	EndGlobalSection
	GlobalSection(SolutionProperties) = preSolution
		HideSolutionNode = FALSE
	EndGlobalSection
	GlobalSection(ExtensibilityGlobals) = postSolution
		SolutionGuid = {B0A81F5B-E7C4-44A7-959F-2C7A03F0B770}
	EndGlobalSection
EndGlobal
